
Microsoft Visual Studio Solution File, Format Version 12.00
# Visual Studio Version 16
VisualStudioVersion = 16.0.31911.196
MinimumVisualStudioVersion = 10.0.40219.1
Project("{9A19103F-16F7-4668-BE54-9A1E7A4F7556}") = "Metodlar", "engin demirog dersleri\Metodlar.csproj", "{9CA13415-EA69-45A9-A3A2-D348E24F1742}"
EndProject
Project("{9A19103F-16F7-4668-BE54-9A1E7A4F7556}") = "Matematik", "Matematik\Matematik.csproj", "{7998A817-5F3F-44E5-8E45-185AA0F5D2FD}"
EndProject
Project("{9A19103F-16F7-4668-BE54-9A1E7A4F7556}") = "DegerVeReferansTipler", "DegerVeReferansTipler\DegerVeReferansTipler.csproj", "{0750CD07-5C26-4CA2-B07B-34B746EE3988}"
EndProject
Project("{9A19103F-16F7-4668-BE54-9A1E7A4F7556}") = "OOP1", "OOP1\OOP1.csproj", "{0C4B71DF-CDB3-4EB0-9D22-97A1EF2EC28B}"
EndProject
Project("{FAE04EC0-301F-11D3-BF4B-00C04F79EFBC}") = "Koleksiyonlar", "Koleksiyonlar\Koleksiyonlar.csproj", "{9BD626C5-8E35-49FA-98A1-55537B628C6C}"
EndProject
Project("{FAE04EC0-301F-11D3-BF4B-00C04F79EFBC}") = "GenericsIntro", "GenericsIntro\GenericsIntro.csproj", "{734F9632-7902-4589-855D-7FA5E655358A}"
EndProject
Project("{FAE04EC0-301F-11D3-BF4B-00C04F79EFBC}") = "OOP2", "OOP2\OOP2.csproj", "{5627737C-9E80-440C-876D-24E447E731F6}"
EndProject
Project("{FAE04EC0-301F-11D3-BF4B-00C04F79EFBC}") = "OOP3", "OOP3\OOP3.csproj", "{C9E8E4FD-86FA-4932-9900-D14093CC3EAE}"
EndProject
Global
	GlobalSection(SolutionConfigurationPlatforms) = preSolution
		Debug|Any CPU = Debug|Any CPU
		Release|Any CPU = Release|Any CPU
	EndGlobalSection
	GlobalSection(ProjectConfigurationPlatforms) = postSolution
		{9CA13415-EA69-45A9-A3A2-D348E24F1742}.Debug|Any CPU.ActiveCfg = Debug|Any CPU
		{9CA13415-EA69-45A9-A3A2-D348E24F1742}.Debug|Any CPU.Build.0 = Debug|Any CPU
		{9CA13415-EA69-45A9-A3A2-D348E24F1742}.Release|Any CPU.ActiveCfg = Release|Any CPU
		{9CA13415-EA69-45A9-A3A2-D348E24F1742}.Release|Any CPU.Build.0 = Release|Any CPU
		{7998A817-5F3F-44E5-8E45-185AA0F5D2FD}.Debug|Any CPU.ActiveCfg = Debug|Any CPU
		{7998A817-5F3F-44E5-8E45-185AA0F5D2FD}.Debug|Any CPU.Build.0 = Debug|Any CPU
		{7998A817-5F3F-44E5-8E45-185AA0F5D2FD}.Release|Any CPU.ActiveCfg = Release|Any CPU
		{7998A817-5F3F-44E5-8E45-185AA0F5D2FD}.Release|Any CPU.Build.0 = Release|Any CPU
		{0750CD07-5C26-4CA2-B07B-34B746EE3988}.Debug|Any CPU.ActiveCfg = Debug|Any CPU
		{0750CD07-5C26-4CA2-B07B-34B746EE3988}.Debug|Any CPU.Build.0 = Debug|Any CPU
		{0750CD07-5C26-4CA2-B07B-34B746EE3988}.Release|Any CPU.ActiveCfg = Release|Any CPU
		{0750CD07-5C26-4CA2-B07B-34B746EE3988}.Release|Any CPU.Build.0 = Release|Any CPU
		{0C4B71DF-CDB3-4EB0-9D22-97A1EF2EC28B}.Debug|Any CPU.ActiveCfg = Debug|Any CPU
		{0C4B71DF-CDB3-4EB0-9D22-97A1EF2EC28B}.Debug|Any CPU.Build.0 = Debug|Any CPU
		{0C4B71DF-CDB3-4EB0-9D22-97A1EF2EC28B}.Release|Any CPU.ActiveCfg = Release|Any CPU
		{0C4B71DF-CDB3-4EB0-9D22-97A1EF2EC28B}.Release|Any CPU.Build.0 = Release|Any CPU
		{9BD626C5-8E35-49FA-98A1-55537B628C6C}.Debug|Any CPU.ActiveCfg = Debug|Any CPU
		{9BD626C5-8E35-49FA-98A1-55537B628C6C}.Debug|Any CPU.Build.0 = Debug|Any CPU
		{9BD626C5-8E35-49FA-98A1-55537B628C6C}.Release|Any CPU.ActiveCfg = Release|Any CPU
		{9BD626C5-8E35-49FA-98A1-55537B628C6C}.Release|Any CPU.Build.0 = Release|Any CPU
		{734F9632-7902-4589-855D-7FA5E655358A}.Debug|Any CPU.ActiveCfg = Debug|Any CPU
		{734F9632-7902-4589-855D-7FA5E655358A}.Debug|Any CPU.Build.0 = Debug|Any CPU
		{734F9632-7902-4589-855D-7FA5E655358A}.Release|Any CPU.ActiveCfg = Release|Any CPU
		{734F9632-7902-4589-855D-7FA5E655358A}.Release|Any CPU.Build.0 = Release|Any CPU
		{5627737C-9E80-440C-876D-24E447E731F6}.Debug|Any CPU.ActiveCfg = Debug|Any CPU
		{5627737C-9E80-440C-876D-24E447E731F6}.Debug|Any CPU.Build.0 = Debug|Any CPU
		{5627737C-9E80-440C-876D-24E447E731F6}.Release|Any CPU.ActiveCfg = Release|Any CPU
		{5627737C-9E80-440C-876D-24E447E731F6}.Release|Any CPU.Build.0 = Release|Any CPU
		{C9E8E4FD-86FA-4932-9900-D14093CC3EAE}.Debug|Any CPU.ActiveCfg = Debug|Any CPU
		{C9E8E4FD-86FA-4932-9900-D14093CC3EAE}.Debug|Any CPU.Build.0 = Debug|Any CPU
		{C9E8E4FD-86FA-4932-9900-D14093CC3EAE}.Release|Any CPU.ActiveCfg = Release|Any CPU
		{C9E8E4FD-86FA-4932-9900-D14093CC3EAE}.Release|Any CPU.Build.0 = Release|Any CPU
	EndGlobalSection
	GlobalSection(SolutionProperties) = preSolution
		HideSolutionNode = FALSE
	EndGlobalSection
	GlobalSection(ExtensibilityGlobals) = postSolution
		SolutionGuid = {DEB19436-CC2D-4EA2-BE0A-C2A93BDF3CE1}
	EndGlobalSection
EndGlobal
